{
    "requires": true,
    "lockfileVersion": 1,
    "dependencies": {
        "sweetalert2": {
            "version": "10.10.3",
            "resolved": "https://registry.npmjs.org/sweetalert2/-/sweetalert2-10.10.3.tgz",
            "integrity": "sha512-rhylUlwmDWv6UPiFYwY6EqmUixifi4o2vssixVnZ7xUsF4dhtqYdKvKxNxs/b6us0njSiBdMRni/oTVJ2p5lhw=="
        }
    }
}
